
Microsoft Visual Studio Solution File, Format Version 12.00
# Visual Studio Version 17
VisualStudioVersion = 17.10.35013.160
MinimumVisualStudioVersion = 10.0.40219.1
Project("{9A19103F-16F7-4668-BE54-9A1E7A4F7556}") = "BuildingManager.API", "BuildingManager.API\BuildingManager.API.csproj", "{EFE51989-5515-428F-9B02-C627113DB6E4}"
EndProject
Project("{E53339B2-1760-4266-BCC7-CA923CBCF16C}") = "docker-compose", "docker-compose.dcproj", "{9644E27A-4591-4624-87E4-0ECE93AADEAF}"
EndProject
Project("{FAE04EC0-301F-11D3-BF4B-00C04F79EFBC}") = "BuildingManager.API.Tests", "..\BuildingManager.API.Tests\BuildingManager.API.Tests\BuildingManager.API.Tests.csproj", "{3892D105-72A9-B891-5372-B9E6B71872DE}"
EndProject
Global
	GlobalSection(SolutionConfigurationPlatforms) = preSolution
		Debug|Any CPU = Debug|Any CPU
		Release|Any CPU = Release|Any CPU
	EndGlobalSection
	GlobalSection(ProjectConfigurationPlatforms) = postSolution
		{EFE51989-5515-428F-9B02-C627113DB6E4}.Debug|Any CPU.ActiveCfg = Debug|Any CPU
		{EFE51989-5515-428F-9B02-C627113DB6E4}.Debug|Any CPU.Build.0 = Debug|Any CPU
		{EFE51989-5515-428F-9B02-C627113DB6E4}.Release|Any CPU.ActiveCfg = Release|Any CPU
		{EFE51989-5515-428F-9B02-C627113DB6E4}.Release|Any CPU.Build.0 = Release|Any CPU
		{9644E27A-4591-4624-87E4-0ECE93AADEAF}.Debug|Any CPU.ActiveCfg = Debug|Any CPU
		{9644E27A-4591-4624-87E4-0ECE93AADEAF}.Debug|Any CPU.Build.0 = Debug|Any CPU
		{9644E27A-4591-4624-87E4-0ECE93AADEAF}.Release|Any CPU.ActiveCfg = Release|Any CPU
		{9644E27A-4591-4624-87E4-0ECE93AADEAF}.Release|Any CPU.Build.0 = Release|Any CPU
		{3892D105-72A9-B891-5372-B9E6B71872DE}.Debug|Any CPU.ActiveCfg = Debug|Any CPU
		{3892D105-72A9-B891-5372-B9E6B71872DE}.Debug|Any CPU.Build.0 = Debug|Any CPU
		{3892D105-72A9-B891-5372-B9E6B71872DE}.Release|Any CPU.ActiveCfg = Release|Any CPU
		{3892D105-72A9-B891-5372-B9E6B71872DE}.Release|Any CPU.Build.0 = Release|Any CPU
	EndGlobalSection
	GlobalSection(SolutionProperties) = preSolution
		HideSolutionNode = FALSE
	EndGlobalSection
	GlobalSection(ExtensibilityGlobals) = postSolution
		SolutionGuid = {B4DA652D-32DD-422F-AD87-2365354CD25E}
	EndGlobalSection
EndGlobal
